{
  "name": "mern-stack-medicare",
  "version": "1.0.0",
  "lockfileVersion": 3,
  "requires": true,
  "packages": {
    "": {
      "name": "mern-stack-medicare",
      "version": "1.0.0",
      "license": "ISC",
      "dependencies": {
        "mern-stack-medicare": "file:"
      }
    },
    "node_modules/mern-stack-medicare": {
      "resolved": "",
      "link": true
    }
  }
}
